// !$*UTF8*$!
{
	archiveVersion = 1;
	classes = {
	};
	objectVersion = 56;
	objects = {

/* Begin PBXBuildFile section */
		8140D3882988264500B01E03 /* TestingAsyncImageApp.swift in Sources */ = {isa = PBXBuildFile; fileRef = 8140D3872988264500B01E03 /* TestingAsyncImageApp.swift */; };
		8140D38A2988264500B01E03 /* ContentView.swift in Sources */ = {isa = PBXBuildFile; fileRef = 8140D3892988264500B01E03 /* ContentView.swift */; };
		8140D38C2988264700B01E03 /* Assets.xcassets in Resources */ = {isa = PBXBuildFile; fileRef = 8140D38B2988264700B01E03 /* Assets.xcassets */; };
		8140D38F2988264700B01E03 /* Preview Assets.xcassets in Resources */ = {isa = PBXBuildFile; fileRef = 8140D38E2988264700B01E03 /* Preview Assets.xcassets */; };
		8140D3992988264700B01E03 /* TestingAsyncImageTests.swift in Sources */ = {isa = PBXBuildFile; fileRef = 8140D3982988264700B01E03 /* TestingAsyncImageTests.swift */; };
		8140D3B3298826E500B01E03 /* SnapshotTesting in Frameworks */ = {isa = PBXBuildFile; productRef = 8140D3B2298826E500B01E03 /* SnapshotTesting */; };
		8140D3B529882BA800B01E03 /* testImage.png in Resources */ = {isa = PBXBuildFile; fileRef = 8140D3B429882BA800B01E03 /* testImage.png */; };
		8140D3B629882CB200B01E03 /* testImage.png in Resources */ = {isa = PBXBuildFile; fileRef = 8140D3B429882BA800B01E03 /* testImage.png */; };
/* End PBXBuildFile section */

/* Begin PBXContainerItemProxy section */
		8140D3952988264700B01E03 /* PBXContainerItemProxy */ = {
			isa = PBXContainerItemProxy;
			containerPortal = 8140D37C2988264500B01E03 /* Project object */;
			proxyType = 1;
			remoteGlobalIDString = 8140D3832988264500B01E03;
			remoteInfo = TestingAsyncImage;
		};
/* End PBXContainerItemProxy section */

/* Begin PBXFileReference section */
		8140D3842988264500B01E03 /* TestingAsyncImage.app */ = {isa = PBXFileReference; explicitFileType = wrapper.application; includeInIndex = 0; path = TestingAsyncImage.app; sourceTree = BUILT_PRODUCTS_DIR; };
		8140D3872988264500B01E03 /* TestingAsyncImageApp.swift */ = {isa = PBXFileReference; lastKnownFileType = sourcecode.swift; path = TestingAsyncImageApp.swift; sourceTree = "<group>"; };
		8140D3892988264500B01E03 /* ContentView.swift */ = {isa = PBXFileReference; lastKnownFileType = sourcecode.swift; path = ContentView.swift; sourceTree = "<group>"; };
		8140D38B2988264700B01E03 /* Assets.xcassets */ = {isa = PBXFileReference; lastKnownFileType = folder.assetcatalog; path = Assets.xcassets; sourceTree = "<group>"; };
		8140D38E2988264700B01E03 /* Preview Assets.xcassets */ = {isa = PBXFileReference; lastKnownFileType = folder.assetcatalog; path = "Preview Assets.xcassets"; sourceTree = "<group>"; };
		8140D3942988264700B01E03 /* TestingAsyncImageTests.xctest */ = {isa = PBXFileReference; explicitFileType = wrapper.cfbundle; includeInIndex = 0; path = TestingAsyncImageTests.xctest; sourceTree = BUILT_PRODUCTS_DIR; };
		8140D3982988264700B01E03 /* TestingAsyncImageTests.swift */ = {isa = PBXFileReference; lastKnownFileType = sourcecode.swift; path = TestingAsyncImageTests.swift; sourceTree = "<group>"; };
		8140D3B429882BA800B01E03 /* testImage.png */ = {isa = PBXFileReference; lastKnownFileType = image.png; path = testImage.png; sourceTree = "<group>"; };
/* End PBXFileReference section */

/* Begin PBXFrameworksBuildPhase section */
		8140D3812988264500B01E03 /* Frameworks */ = {
			isa = PBXFrameworksBuildPhase;
			buildActionMask = 2147483647;
			files = (
			);
			runOnlyForDeploymentPostprocessing = 0;
		};
		8140D3912988264700B01E03 /* Frameworks */ = {
			isa = PBXFrameworksBuildPhase;
			buildActionMask = 2147483647;
			files = (
				8140D3B3298826E500B01E03 /* SnapshotTesting in Frameworks */,
			);
			runOnlyForDeploymentPostprocessing = 0;
		};
/* End PBXFrameworksBuildPhase section */

/* Begin PBXGroup section */
		8140D37B2988264500B01E03 = {
			isa = PBXGroup;
			children = (
				8140D3862988264500B01E03 /* TestingAsyncImage */,
				8140D3972988264700B01E03 /* TestingAsyncImageTests */,
				8140D3852988264500B01E03 /* Products */,
			);
			sourceTree = "<group>";
		};
		8140D3852988264500B01E03 /* Products */ = {
			isa = PBXGroup;
			children = (
				8140D3842988264500B01E03 /* TestingAsyncImage.app */,
				8140D3942988264700B01E03 /* TestingAsyncImageTests.xctest */,
			);
			name = Products;
			sourceTree = "<group>";
		};
		8140D3862988264500B01E03 /* TestingAsyncImage */ = {
			isa = PBXGroup;
			children = (
				8140D3B429882BA800B01E03 /* testImage.png */,
				8140D3872988264500B01E03 /* TestingAsyncImageApp.swift */,
				8140D3892988264500B01E03 /* ContentView.swift */,
				8140D38B2988264700B01E03 /* Assets.xcassets */,
				8140D38D2988264700B01E03 /* Preview Content */,
			);
			path = TestingAsyncImage;
			sourceTree = "<group>";
		};
		8140D38D2988264700B01E03 /* Preview Content */ = {
			isa = PBXGroup;
			children = (
				8140D38E2988264700B01E03 /* Preview Assets.xcassets */,
			);
			path = "Preview Content";
			sourceTree = "<group>";
		};
		8140D3972988264700B01E03 /* TestingAsyncImageTests */ = {
			isa = PBXGroup;
			children = (
				8140D3982988264700B01E03 /* TestingAsyncImageTests.swift */,
			);
			path = TestingAsyncImageTests;
			sourceTree = "<group>";
		};
/* End PBXGroup section */

/* Begin PBXNativeTarget section */
		8140D3832988264500B01E03 /* TestingAsyncImage */ = {
			isa = PBXNativeTarget;
			buildConfigurationList = 8140D3A82988264700B01E03 /* Build configuration list for PBXNativeTarget "TestingAsyncImage" */;
			buildPhases = (
				8140D3802988264500B01E03 /* Sources */,
				8140D3812988264500B01E03 /* Frameworks */,
				8140D3822988264500B01E03 /* Resources */,
			);
			buildRules = (
			);
			dependencies = (
			);
			name = TestingAsyncImage;
			productName = TestingAsyncImage;
			productReference = 8140D3842988264500B01E03 /* TestingAsyncImage.app */;
			productType = "com.apple.product-type.application";
		};
		8140D3932988264700B01E03 /* TestingAsyncImageTests */ = {
			isa = PBXNativeTarget;
			buildConfigurationList = 8140D3AB2988264700B01E03 /* Build configuration list for PBXNativeTarget "TestingAsyncImageTests" */;
			buildPhases = (
				8140D3902988264700B01E03 /* Sources */,
				8140D3912988264700B01E03 /* Frameworks */,
				8140D3922988264700B01E03 /* Resources */,
			);
			buildRules = (
			);
			dependencies = (
				8140D3962988264700B01E03 /* PBXTargetDependency */,
			);
			name = TestingAsyncImageTests;
			packageProductDependencies = (
				8140D3B2298826E500B01E03 /* SnapshotTesting */,
			);
			productName = TestingAsyncImageTests;
			productReference = 8140D3942988264700B01E03 /* TestingAsyncImageTests.xctest */;
			productType = "com.apple.product-type.bundle.unit-test";
		};
/* End PBXNativeTarget section */

/* Begin PBXProject section */
		8140D37C2988264500B01E03 /* Project object */ = {
			isa = PBXProject;
			attributes = {
				BuildIndependentTargetsInParallel = 1;
				LastSwiftUpdateCheck = 1420;
				LastUpgradeCheck = 1420;
				TargetAttributes = {
					8140D3832988264500B01E03 = {
						CreatedOnToolsVersion = 14.2;
					};
					8140D3932988264700B01E03 = {
						CreatedOnToolsVersion = 14.2;
						TestTargetID = 8140D3832988264500B01E03;
					};
				};
			};
			buildConfigurationList = 8140D37F2988264500B01E03 /* Build configuration list for PBXProject "TestingAsyncImage" */;
			compatibilityVersion = "Xcode 14.0";
			developmentRegion = en;
			hasScannedForEncodings = 0;
			knownRegions = (
				en,
				Base,
			);
			mainGroup = 8140D37B2988264500B01E03;
			packageReferences = (
				8140D3B1298826E500B01E03 /* XCRemoteSwiftPackageReference "swift-snapshot-testing" */,
			);
			productRefGroup = 8140D3852988264500B01E03 /* Products */;
			projectDirPath = "";
			projectRoot = "";
			targets = (
				8140D3832988264500B01E03 /* TestingAsyncImage */,
				8140D3932988264700B01E03 /* TestingAsyncImageTests */,
			);
		};
/* End PBXProject section */

/* Begin PBXResourcesBuildPhase section */
		8140D3822988264500B01E03 /* Resources */ = {
			isa = PBXResourcesBuildPhase;
			buildActionMask = 2147483647;
			files = (
				8140D3B529882BA800B01E03 /* testImage.png in Resources */,
				8140D38F2988264700B01E03 /* Preview Assets.xcassets in Resources */,
				8140D38C2988264700B01E03 /* Assets.xcassets in Resources */,
			);
			runOnlyForDeploymentPostprocessing = 0;
		};
		8140D3922988264700B01E03 /* Resources */ = {
			isa = PBXResourcesBuildPhase;
			buildActionMask = 2147483647;
			files = (
				8140D3B629882CB200B01E03 /* testImage.png in Resources */,
			);
			runOnlyForDeploymentPostprocessing = 0;
		};
/* End PBXResourcesBuildPhase section */

/* Begin PBXSourcesBuildPhase section */
		8140D3802988264500B01E03 /* Sources */ = {
			isa = PBXSourcesBuildPhase;
			buildActionMask = 2147483647;
			files = (
				8140D38A2988264500B01E03 /* ContentView.swift in Sources */,
				8140D3882988264500B01E03 /* TestingAsyncImageApp.swift in Sources */,
			);
			runOnlyForDeploymentPostprocessing = 0;
		};
		8140D3902988264700B01E03 /* Sources */ = {
			isa = PBXSourcesBuildPhase;
			buildActionMask = 2147483647;
			files = (
				8140D3992988264700B01E03 /* TestingAsyncImageTests.swift in Sources */,
			);
			runOnlyForDeploymentPostprocessing = 0;
		};
/* End PBXSourcesBuildPhase section */

/* Begin PBXTargetDependency section */
		8140D3962988264700B01E03 /* PBXTargetDependency */ = {
			isa = PBXTargetDependency;
			target = 8140D3832988264500B01E03 /* TestingAsyncImage */;
			targetProxy = 8140D3952988264700B01E03 /* PBXContainerItemProxy */;
		};
/* End PBXTargetDependency section */

/* Begin XCBuildConfiguration section */
		8140D3A62988264700B01E03 /* Debug */ = {
			isa = XCBuildConfiguration;
			buildSettings = {
				ALWAYS_SEARCH_USER_PATHS = NO;
				CLANG_ANALYZER_NONNULL = YES;
				CLANG_ANALYZER_NUMBER_OBJECT_CONVERSION = YES_AGGRESSIVE;
				CLANG_CXX_LANGUAGE_STANDARD = "gnu++20";
				CLANG_ENABLE_MODULES = YES;
				CLANG_ENABLE_OBJC_ARC = YES;
				CLANG_ENABLE_OBJC_WEAK = YES;
				CLANG_WARN_BLOCK_CAPTURE_AUTORELEASING = YES;
				CLANG_WARN_BOOL_CONVERSION = YES;
				CLANG_WARN_COMMA = YES;
				CLANG_WARN_CONSTANT_CONVERSION = YES;
				CLANG_WARN_DEPRECATED_OBJC_IMPLEMENTATIONS = YES;
				CLANG_WARN_DIRECT_OBJC_ISA_USAGE = YES_ERROR;
				CLANG_WARN_DOCUMENTATION_COMMENTS = YES;
				CLANG_WARN_EMPTY_BODY = YES;
				CLANG_WARN_ENUM_CONVERSION = YES;
				CLANG_WARN_INFINITE_RECURSION = YES;
				CLANG_WARN_INT_CONVERSION = YES;
				CLANG_WARN_NON_LITERAL_NULL_CONVERSION = YES;
				CLANG_WARN_OBJC_IMPLICIT_RETAIN_SELF = YES;
				CLANG_WARN_OBJC_LITERAL_CONVERSION = YES;
				CLANG_WARN_OBJC_ROOT_CLASS = YES_ERROR;
				CLANG_WARN_QUOTED_INCLUDE_IN_FRAMEWORK_HEADER = YES;
				CLANG_WARN_RANGE_LOOP_ANALYSIS = YES;
				CLANG_WARN_STRICT_PROTOTYPES = YES;
				CLANG_WARN_SUSPICIOUS_MOVE = YES;
				CLANG_WARN_UNGUARDED_AVAILABILITY = YES_AGGRESSIVE;
				CLANG_WARN_UNREACHABLE_CODE = YES;
				CLANG_WARN__DUPLICATE_METHOD_MATCH = YES;
				COPY_PHASE_STRIP = NO;
				DEBUG_INFORMATION_FORMAT = dwarf;
				ENABLE_STRICT_OBJC_MSGSEND = YES;
				ENABLE_TESTABILITY = YES;
				GCC_C_LANGUAGE_STANDARD = gnu11;
				GCC_DYNAMIC_NO_PIC = NO;
				GCC_NO_COMMON_BLOCKS = YES;
				GCC_OPTIMIZATION_LEVEL = 0;
				GCC_PREPROCESSOR_DEFINITIONS = (
					"DEBUG=1",
					"$(inherited)",
				);
				GCC_WARN_64_TO_32_BIT_CONVERSION = YES;
				GCC_WARN_ABOUT_RETURN_TYPE = YES_ERROR;
				GCC_WARN_UNDECLARED_SELECTOR = YES;
				GCC_WARN_UNINITIALIZED_AUTOS = YES_AGGRESSIVE;
				GCC_WARN_UNUSED_FUNCTION = YES;
				GCC_WARN_UNUSED_VARIABLE = YES;
				IPHONEOS_DEPLOYMENT_TARGET = 16.2;
				MTL_ENABLE_DEBUG_INFO = INCLUDE_SOURCE;
				MTL_FAST_MATH = YES;
				ONLY_ACTIVE_ARCH = YES;
				SDKROOT = iphoneos;
				SWIFT_ACTIVE_COMPILATION_CONDITIONS = DEBUG;
				SWIFT_OPTIMIZATION_LEVEL = "-Onone";
			};
			name = Debug;
		};
		8140D3A72988264700B01E03 /* Release */ = {
			isa = XCBuildConfiguration;
			buildSettings = {
				ALWAYS_SEARCH_USER_PATHS = NO;
				CLANG_ANALYZER_NONNULL = YES;
				CLANG_ANALYZER_NUMBER_OBJECT_CONVERSION = YES_AGGRESSIVE;
				CLANG_CXX_LANGUAGE_STANDARD = "gnu++20";
				CLANG_ENABLE_MODULES = YES;
				CLANG_ENABLE_OBJC_ARC = YES;
				CLANG_ENABLE_OBJC_WEAK = YES;
				CLANG_WARN_BLOCK_CAPTURE_AUTORELEASING = YES;
				CLANG_WARN_BOOL_CONVERSION = YES;
				CLANG_WARN_COMMA = YES;
				CLANG_WARN_CONSTANT_CONVERSION = YES;
				CLANG_WARN_DEPRECATED_OBJC_IMPLEMENTATIONS = YES;
				CLANG_WARN_DIRECT_OBJC_ISA_USAGE = YES_ERROR;
				CLANG_WARN_DOCUMENTATION_COMMENTS = YES;
				CLANG_WARN_EMPTY_BODY = YES;
				CLANG_WARN_ENUM_CONVERSION = YES;
				CLANG_WARN_INFINITE_RECURSION = YES;
				CLANG_WARN_INT_CONVERSION = YES;
				CLANG_WARN_NON_LITERAL_NULL_CONVERSION = YES;
				CLANG_WARN_OBJC_IMPLICIT_RETAIN_SELF = YES;
				CLANG_WARN_OBJC_LITERAL_CONVERSION = YES;
				CLANG_WARN_OBJC_ROOT_CLASS = YES_ERROR;
				CLANG_WARN_QUOTED_INCLUDE_IN_FRAMEWORK_HEADER = YES;
				CLANG_WARN_RANGE_LOOP_ANALYSIS = YES;
				CLANG_WARN_STRICT_PROTOTYPES = YES;
				CLANG_WARN_SUSPICIOUS_MOVE = YES;
				CLANG_WARN_UNGUARDED_AVAILABILITY = YES_AGGRESSIVE;
				CLANG_WARN_UNREACHABLE_CODE = YES;
				CLANG_WARN__DUPLICATE_METHOD_MATCH = YES;
				COPY_PHASE_STRIP = NO;
				DEBUG_INFORMATION_FORMAT = "dwarf-with-dsym";
				ENABLE_NS_ASSERTIONS = NO;
				ENABLE_STRICT_OBJC_MSGSEND = YES;
				GCC_C_LANGUAGE_STANDARD = gnu11;
				GCC_NO_COMMON_BLOCKS = YES;
				GCC_WARN_64_TO_32_BIT_CONVERSION = YES;
				GCC_WARN_ABOUT_RETURN_TYPE = YES_ERROR;
				GCC_WARN_UNDECLARED_SELECTOR = YES;
				GCC_WARN_UNINITIALIZED_AUTOS = YES_AGGRESSIVE;
				GCC_WARN_UNUSED_FUNCTION = YES;
				GCC_WARN_UNUSED_VARIABLE = YES;
				IPHONEOS_DEPLOYMENT_TARGET = 16.2;
				MTL_ENABLE_DEBUG_INFO = NO;
				MTL_FAST_MATH = YES;
				SDKROOT = iphoneos;
				SWIFT_COMPILATION_MODE = wholemodule;
				SWIFT_OPTIMIZATION_LEVEL = "-O";
				VALIDATE_PRODUCT = YES;
			};
			name = Release;
		};
		8140D3A92988264700B01E03 /* Debug */ = {
			isa = XCBuildConfiguration;
			buildSettings = {
				ASSETCATALOG_COMPILER_APPICON_NAME = AppIcon;
				ASSETCATALOG_COMPILER_GLOBAL_ACCENT_COLOR_NAME = AccentColor;
				CODE_SIGN_STYLE = Automatic;
				CURRENT_PROJECT_VERSION = 1;
				DEVELOPMENT_ASSET_PATHS = "\"TestingAsyncImage/Preview Content\"";
				ENABLE_PREVIEWS = YES;
				GENERATE_INFOPLIST_FILE = YES;
				INFOPLIST_KEY_UIApplicationSceneManifest_Generation = YES;
				INFOPLIST_KEY_UIApplicationSupportsIndirectInputEvents = YES;
				INFOPLIST_KEY_UILaunchScreen_Generation = YES;
				INFOPLIST_KEY_UISupportedInterfaceOrientations_iPad = "UIInterfaceOrientationPortrait UIInterfaceOrientationPortraitUpsideDown UIInterfaceOrientationLandscapeLeft UIInterfaceOrientationLandscapeRight";
				INFOPLIST_KEY_UISupportedInterfaceOrientations_iPhone = "UIInterfaceOrientationPortrait UIInterfaceOrientationLandscapeLeft UIInterfaceOrientationLandscapeRight";
				LD_RUNPATH_SEARCH_PATHS = (
					"$(inherited)",
					"@executable_path/Frameworks",
				);
				MARKETING_VERSION = 1.0;
				PRODUCT_BUNDLE_IDENTIFIER = Company.TestingAsyncImage;
				PRODUCT_NAME = "$(TARGET_NAME)";
				SWIFT_EMIT_LOC_STRINGS = YES;
				SWIFT_VERSION = 5.0;
				TARGETED_DEVICE_FAMILY = "1,2";
			};
			name = Debug;
		};
		8140D3AA2988264700B01E03 /* Release */ = {
			isa = XCBuildConfiguration;
			buildSettings = {
				ASSETCATALOG_COMPILER_APPICON_NAME = AppIcon;
				ASSETCATALOG_COMPILER_GLOBAL_ACCENT_COLOR_NAME = AccentColor;
				CODE_SIGN_STYLE = Automatic;
				CURRENT_PROJECT_VERSION = 1;
				DEVELOPMENT_ASSET_PATHS = "\"TestingAsyncImage/Preview Content\"";
				ENABLE_PREVIEWS = YES;
				GENERATE_INFOPLIST_FILE = YES;
				INFOPLIST_KEY_UIApplicationSceneManifest_Generation = YES;
				INFOPLIST_KEY_UIApplicationSupportsIndirectInputEvents = YES;
				INFOPLIST_KEY_UILaunchScreen_Generation = YES;
				INFOPLIST_KEY_UISupportedInterfaceOrientations_iPad = "UIInterfaceOrientationPortrait UIInterfaceOrientationPortraitUpsideDown UIInterfaceOrientationLandscapeLeft UIInterfaceOrientationLandscapeRight";
				INFOPLIST_KEY_UISupportedInterfaceOrientations_iPhone = "UIInterfaceOrientationPortrait UIInterfaceOrientationLandscapeLeft UIInterfaceOrientationLandscapeRight";
				LD_RUNPATH_SEARCH_PATHS = (
					"$(inherited)",
					"@executable_path/Frameworks",
				);
				MARKETING_VERSION = 1.0;
				PRODUCT_BUNDLE_IDENTIFIER = Company.TestingAsyncImage;
				PRODUCT_NAME = "$(TARGET_NAME)";
				SWIFT_EMIT_LOC_STRINGS = YES;
				SWIFT_VERSION = 5.0;
				TARGETED_DEVICE_FAMILY = "1,2";
			};
			name = Release;
		};
		8140D3AC2988264700B01E03 /* Debug */ = {
			isa = XCBuildConfiguration;
			buildSettings = {
				ALWAYS_EMBED_SWIFT_STANDARD_LIBRARIES = YES;
				BUNDLE_LOADER = "$(TEST_HOST)";
				CODE_SIGN_STYLE = Automatic;
				CURRENT_PROJECT_VERSION = 1;
				GENERATE_INFOPLIST_FILE = YES;
				IPHONEOS_DEPLOYMENT_TARGET = 16.2;
				MARKETING_VERSION = 1.0;
				PRODUCT_BUNDLE_IDENTIFIER = Company.TestingAsyncImageTests;
				PRODUCT_NAME = "$(TARGET_NAME)";
				SWIFT_EMIT_LOC_STRINGS = NO;
				SWIFT_VERSION = 5.0;
				TARGETED_DEVICE_FAMILY = "1,2";
				TEST_HOST = "$(BUILT_PRODUCTS_DIR)/TestingAsyncImage.app/$(BUNDLE_EXECUTABLE_FOLDER_PATH)/TestingAsyncImage";
			};
			name = Debug;
		};
		8140D3AD2988264700B01E03 /* Release */ = {
			isa = XCBuildConfiguration;
			buildSettings = {
				ALWAYS_EMBED_SWIFT_STANDARD_LIBRARIES = YES;
				BUNDLE_LOADER = "$(TEST_HOST)";
				CODE_SIGN_STYLE = Automatic;
				CURRENT_PROJECT_VERSION = 1;
				GENERATE_INFOPLIST_FILE = YES;
				IPHONEOS_DEPLOYMENT_TARGET = 16.2;
				MARKETING_VERSION = 1.0;
				PRODUCT_BUNDLE_IDENTIFIER = Company.TestingAsyncImageTests;
				PRODUCT_NAME = "$(TARGET_NAME)";
				SWIFT_EMIT_LOC_STRINGS = NO;
				SWIFT_VERSION = 5.0;
				TARGETED_DEVICE_FAMILY = "1,2";
				TEST_HOST = "$(BUILT_PRODUCTS_DIR)/TestingAsyncImage.app/$(BUNDLE_EXECUTABLE_FOLDER_PATH)/TestingAsyncImage";
			};
			name = Release;
		};
/* End XCBuildConfiguration section */

/* Begin XCConfigurationList section */
		8140D37F2988264500B01E03 /* Build configuration list for PBXProject "TestingAsyncImage" */ = {
			isa = XCConfigurationList;
			buildConfigurations = (
				8140D3A62988264700B01E03 /* Debug */,
				8140D3A72988264700B01E03 /* Release */,
			);
			defaultConfigurationIsVisible = 0;
			defaultConfigurationName = Release;
		};
		8140D3A82988264700B01E03 /* Build configuration list for PBXNativeTarget "TestingAsyncImage" */ = {
			isa = XCConfigurationList;
			buildConfigurations = (
				8140D3A92988264700B01E03 /* Debug */,
				8140D3AA2988264700B01E03 /* Release */,
			);
			defaultConfigurationIsVisible = 0;
			defaultConfigurationName = Release;
		};
		8140D3AB2988264700B01E03 /* Build configuration list for PBXNativeTarget "TestingAsyncImageTests" */ = {
			isa = XCConfigurationList;
			buildConfigurations = (
				8140D3AC2988264700B01E03 /* Debug */,
				8140D3AD2988264700B01E03 /* Release */,
			);
			defaultConfigurationIsVisible = 0;
			defaultConfigurationName = Release;
		};
/* End XCConfigurationList section */

/* Begin XCRemoteSwiftPackageReference section */
		8140D3B1298826E500B01E03 /* XCRemoteSwiftPackageReference "swift-snapshot-testing" */ = {
			isa = XCRemoteSwiftPackageReference;
			repositoryURL = "https://github.com/pointfreeco/swift-snapshot-testing.git";
			requirement = {
				kind = upToNextMajorVersion;
				minimumVersion = 1.0.0;
			};
		};
/* End XCRemoteSwiftPackageReference section */

/* Begin XCSwiftPackageProductDependency section */
		8140D3B2298826E500B01E03 /* SnapshotTesting */ = {
			isa = XCSwiftPackageProductDependency;
			package = 8140D3B1298826E500B01E03 /* XCRemoteSwiftPackageReference "swift-snapshot-testing" */;
			productName = SnapshotTesting;
		};
/* End XCSwiftPackageProductDependency section */
	};
	rootObject = 8140D37C2988264500B01E03 /* Project object */;
}
